
Microsoft Visual Studio Solution File, Format Version 12.00
# Visual Studio Version 16
VisualStudioVersion = 16.0.30011.22
MinimumVisualStudioVersion = 10.0.40219.1
Project("{FAE04EC0-301F-11D3-BF4B-00C04F79EFBC}") = "HomeAutomationWeb", "HomeAutomationWeb\HomeAutomationWeb.csproj", "{B9292D25-2CD5-4AB9-9E35-EB133FD19AB0}"
EndProject
Global
	GlobalSection(SolutionConfigurationPlatforms) = preSolution
		Debug|Any CPU = Debug|Any CPU
		Release|Any CPU = Release|Any CPU
	EndGlobalSection
	GlobalSection(ProjectConfigurationPlatforms) = postSolution
		{B9292D25-2CD5-4AB9-9E35-EB133FD19AB0}.Debug|Any CPU.ActiveCfg = Debug|Any CPU
		{B9292D25-2CD5-4AB9-9E35-EB133FD19AB0}.Debug|Any CPU.Build.0 = Debug|Any CPU
		{B9292D25-2CD5-4AB9-9E35-EB133FD19AB0}.Release|Any CPU.ActiveCfg = Release|Any CPU
		{B9292D25-2CD5-4AB9-9E35-EB133FD19AB0}.Release|Any CPU.Build.0 = Release|Any CPU
	EndGlobalSection
	GlobalSection(SolutionProperties) = preSolution
		HideSolutionNode = FALSE
	EndGlobalSection
	GlobalSection(ExtensibilityGlobals) = postSolution
		SolutionGuid = {170A23F5-2974-4E43-B45B-9BC61691EB5C}
	EndGlobalSection
EndGlobal
